
Microsoft Visual Studio Solution File, Format Version 12.00
# Visual Studio Version 16
VisualStudioVersion = 16.0.31112.23
MinimumVisualStudioVersion = 10.0.40219.1
Project("{FAE04EC0-301F-11D3-BF4B-00C04F79EFBC}") = "Ders03", "Ders03\Ders03.csproj", "{5EE27A18-5436-4950-8E4C-58B63B50DE24}"
EndProject
Global
	GlobalSection(SolutionConfigurationPlatforms) = preSolution
		Debug|Any CPU = Debug|Any CPU
		Release|Any CPU = Release|Any CPU
	EndGlobalSection
	GlobalSection(ProjectConfigurationPlatforms) = postSolution
		{5EE27A18-5436-4950-8E4C-58B63B50DE24}.Debug|Any CPU.ActiveCfg = Debug|Any CPU
		{5EE27A18-5436-4950-8E4C-58B63B50DE24}.Debug|Any CPU.Build.0 = Debug|Any CPU
		{5EE27A18-5436-4950-8E4C-58B63B50DE24}.Release|Any CPU.ActiveCfg = Release|Any CPU
		{5EE27A18-5436-4950-8E4C-58B63B50DE24}.Release|Any CPU.Build.0 = Release|Any CPU
	EndGlobalSection
	GlobalSection(SolutionProperties) = preSolution
		HideSolutionNode = FALSE
	EndGlobalSection
	GlobalSection(ExtensibilityGlobals) = postSolution
		SolutionGuid = {C681DE84-1DB6-45B0-ADE0-1996A12C6501}
	EndGlobalSection
EndGlobal
