
Microsoft Visual Studio Solution File, Format Version 12.00
# Visual Studio Version 16
VisualStudioVersion = 16.0.30011.22
MinimumVisualStudioVersion = 10.0.40219.1
Project("{FAE04EC0-301F-11D3-BF4B-00C04F79EFBC}") = "Hafta12", "Hafta12\Hafta12.csproj", "{FF20354A-B076-4E4C-B6F7-2EF16CD103B3}"
EndProject
Global
	GlobalSection(SolutionConfigurationPlatforms) = preSolution
		Debug|Any CPU = Debug|Any CPU
		Release|Any CPU = Release|Any CPU
	EndGlobalSection
	GlobalSection(ProjectConfigurationPlatforms) = postSolution
		{FF20354A-B076-4E4C-B6F7-2EF16CD103B3}.Debug|Any CPU.ActiveCfg = Debug|Any CPU
		{FF20354A-B076-4E4C-B6F7-2EF16CD103B3}.Debug|Any CPU.Build.0 = Debug|Any CPU
		{FF20354A-B076-4E4C-B6F7-2EF16CD103B3}.Release|Any CPU.ActiveCfg = Release|Any CPU
		{FF20354A-B076-4E4C-B6F7-2EF16CD103B3}.Release|Any CPU.Build.0 = Release|Any CPU
	EndGlobalSection
	GlobalSection(SolutionProperties) = preSolution
		HideSolutionNode = FALSE
	EndGlobalSection
	GlobalSection(ExtensibilityGlobals) = postSolution
		SolutionGuid = {082D0ADB-B5C4-4C11-8EA1-2AF3F3A91F56}
	EndGlobalSection
EndGlobal
