
Microsoft Visual Studio Solution File, Format Version 12.00
# Visual Studio Version 16
VisualStudioVersion = 16.0.31025.194
MinimumVisualStudioVersion = 10.0.40219.1
Project("{FAE04EC0-301F-11D3-BF4B-00C04F79EFBC}") = "Ders02", "Ders02\Ders02.csproj", "{032CACC9-A5DA-4D7E-A9E9-8D58D48C77F9}"
EndProject
Global
	GlobalSection(SolutionConfigurationPlatforms) = preSolution
		Debug|Any CPU = Debug|Any CPU
		Release|Any CPU = Release|Any CPU
	EndGlobalSection
	GlobalSection(ProjectConfigurationPlatforms) = postSolution
		{032CACC9-A5DA-4D7E-A9E9-8D58D48C77F9}.Debug|Any CPU.ActiveCfg = Debug|Any CPU
		{032CACC9-A5DA-4D7E-A9E9-8D58D48C77F9}.Debug|Any CPU.Build.0 = Debug|Any CPU
		{032CACC9-A5DA-4D7E-A9E9-8D58D48C77F9}.Release|Any CPU.ActiveCfg = Release|Any CPU
		{032CACC9-A5DA-4D7E-A9E9-8D58D48C77F9}.Release|Any CPU.Build.0 = Release|Any CPU
	EndGlobalSection
	GlobalSection(SolutionProperties) = preSolution
		HideSolutionNode = FALSE
	EndGlobalSection
	GlobalSection(ExtensibilityGlobals) = postSolution
		SolutionGuid = {EB085F51-98CF-47D7-8962-CFB834B923DD}
	EndGlobalSection
EndGlobal
