
Microsoft Visual Studio Solution File, Format Version 12.00
# Visual Studio Version 16
VisualStudioVersion = 16.0.30011.22
MinimumVisualStudioVersion = 10.0.40219.1
Project("{FAE04EC0-301F-11D3-BF4B-00C04F79EFBC}") = "Hafta10", "Hafta10\Hafta10.csproj", "{5489D027-DD8F-4149-B18C-369CC3E10ABB}"
EndProject
Global
	GlobalSection(SolutionConfigurationPlatforms) = preSolution
		Debug|Any CPU = Debug|Any CPU
		Release|Any CPU = Release|Any CPU
	EndGlobalSection
	GlobalSection(ProjectConfigurationPlatforms) = postSolution
		{5489D027-DD8F-4149-B18C-369CC3E10ABB}.Debug|Any CPU.ActiveCfg = Debug|Any CPU
		{5489D027-DD8F-4149-B18C-369CC3E10ABB}.Debug|Any CPU.Build.0 = Debug|Any CPU
		{5489D027-DD8F-4149-B18C-369CC3E10ABB}.Release|Any CPU.ActiveCfg = Release|Any CPU
		{5489D027-DD8F-4149-B18C-369CC3E10ABB}.Release|Any CPU.Build.0 = Release|Any CPU
	EndGlobalSection
	GlobalSection(SolutionProperties) = preSolution
		HideSolutionNode = FALSE
	EndGlobalSection
	GlobalSection(ExtensibilityGlobals) = postSolution
		SolutionGuid = {12B350B0-8421-4DDD-94CE-270333B4A5AA}
	EndGlobalSection
EndGlobal
